
Microsoft Visual Studio Solution File, Format Version 12.00
# Visual Studio Version 16
VisualStudioVersion = 16.0.30611.23
MinimumVisualStudioVersion = 10.0.40219.1
Project("{9A19103F-16F7-4668-BE54-9A1E7A4F7556}") = "Training.WebApi", "Training\Training.WebApi.csproj", "{0C4D806A-B463-4647-B5AB-0ED730933E6A}"
EndProject
Project("{FAE04EC0-301F-11D3-BF4B-00C04F79EFBC}") = "Training.Service", "Training.Service\Training.Service.csproj", "{023A9B77-9428-4C83-8F9E-259EB6C6A942}"
EndProject
Project("{FAE04EC0-301F-11D3-BF4B-00C04F79EFBC}") = "Training.Domain", "Training.Domain\Training.Domain.csproj", "{853D5CFB-1B82-4E1A-910C-12CCC3998B46}"
EndProject
Project("{FAE04EC0-301F-11D3-BF4B-00C04F79EFBC}") = "Training.Infrastructure", "Training.Infrastructure\Training.Infrastructure.csproj", "{BC7173FE-C90D-4B4D-899B-D767CC33311E}"
EndProject
Global
	GlobalSection(SolutionConfigurationPlatforms) = preSolution
		Debug|Any CPU = Debug|Any CPU
		Release|Any CPU = Release|Any CPU
	EndGlobalSection
	GlobalSection(ProjectConfigurationPlatforms) = postSolution
		{0C4D806A-B463-4647-B5AB-0ED730933E6A}.Debug|Any CPU.ActiveCfg = Debug|Any CPU
		{0C4D806A-B463-4647-B5AB-0ED730933E6A}.Debug|Any CPU.Build.0 = Debug|Any CPU
		{0C4D806A-B463-4647-B5AB-0ED730933E6A}.Release|Any CPU.ActiveCfg = Release|Any CPU
		{0C4D806A-B463-4647-B5AB-0ED730933E6A}.Release|Any CPU.Build.0 = Release|Any CPU
		{023A9B77-9428-4C83-8F9E-259EB6C6A942}.Debug|Any CPU.ActiveCfg = Debug|Any CPU
		{023A9B77-9428-4C83-8F9E-259EB6C6A942}.Debug|Any CPU.Build.0 = Debug|Any CPU
		{023A9B77-9428-4C83-8F9E-259EB6C6A942}.Release|Any CPU.ActiveCfg = Release|Any CPU
		{023A9B77-9428-4C83-8F9E-259EB6C6A942}.Release|Any CPU.Build.0 = Release|Any CPU
		{853D5CFB-1B82-4E1A-910C-12CCC3998B46}.Debug|Any CPU.ActiveCfg = Debug|Any CPU
		{853D5CFB-1B82-4E1A-910C-12CCC3998B46}.Debug|Any CPU.Build.0 = Debug|Any CPU
		{853D5CFB-1B82-4E1A-910C-12CCC3998B46}.Release|Any CPU.ActiveCfg = Release|Any CPU
		{853D5CFB-1B82-4E1A-910C-12CCC3998B46}.Release|Any CPU.Build.0 = Release|Any CPU
		{BC7173FE-C90D-4B4D-899B-D767CC33311E}.Debug|Any CPU.ActiveCfg = Debug|Any CPU
		{BC7173FE-C90D-4B4D-899B-D767CC33311E}.Debug|Any CPU.Build.0 = Debug|Any CPU
		{BC7173FE-C90D-4B4D-899B-D767CC33311E}.Release|Any CPU.ActiveCfg = Release|Any CPU
		{BC7173FE-C90D-4B4D-899B-D767CC33311E}.Release|Any CPU.Build.0 = Release|Any CPU
	EndGlobalSection
	GlobalSection(SolutionProperties) = preSolution
		HideSolutionNode = FALSE
	EndGlobalSection
	GlobalSection(ExtensibilityGlobals) = postSolution
		SolutionGuid = {A9040D96-AC56-4499-8C10-39427FBD6838}
	EndGlobalSection
EndGlobal
